
Microsoft Visual Studio Solution File, Format Version 12.00
# Visual Studio 14
VisualStudioVersion = 14.0.24720.0
MinimumVisualStudioVersion = 10.0.40219.1
Project("{FAE04EC0-301F-11D3-BF4B-00C04F79EFBC}") = "SnAdminPowerShellProvider", "SnAdminPowerShellProvider\SnAdminPowerShellProvider.csproj", "{94DD36D3-2F26-43C1-B551-F27E8B5BC939}"
EndProject
Global
	GlobalSection(SolutionConfigurationPlatforms) = preSolution
		Debug|Any CPU = Debug|Any CPU
		Release|Any CPU = Release|Any CPU
	EndGlobalSection
	GlobalSection(ProjectConfigurationPlatforms) = postSolution
		{94DD36D3-2F26-43C1-B551-F27E8B5BC939}.Debug|Any CPU.ActiveCfg = Debug|Any CPU
		{94DD36D3-2F26-43C1-B551-F27E8B5BC939}.Debug|Any CPU.Build.0 = Debug|Any CPU
		{94DD36D3-2F26-43C1-B551-F27E8B5BC939}.Release|Any CPU.ActiveCfg = Release|Any CPU
		{94DD36D3-2F26-43C1-B551-F27E8B5BC939}.Release|Any CPU.Build.0 = Release|Any CPU
	EndGlobalSection
	GlobalSection(SolutionProperties) = preSolution
		HideSolutionNode = FALSE
	EndGlobalSection
EndGlobal
